
Microsoft Visual Studio Solution File, Format Version 12.00
# Visual Studio Version 16
VisualStudioVersion = 16.0.29519.87
MinimumVisualStudioVersion = 10.0.40219.1
Project("{9A19103F-16F7-4668-BE54-9A1E7A4F7556}") = "Lora-Bot_Core", "Lora-Bot\Lora-Bot_Core.csproj", "{A5D551AD-ADBC-425C-B314-89D04E2DED62}"
EndProject
Project("{9A19103F-16F7-4668-BE54-9A1E7A4F7556}") = "Lora_Core", "..\Lora\Lora\Lora_Core.csproj", "{A3B254DD-9B58-4A95-9659-CB41AFBA9435}"
EndProject
Project("{9A19103F-16F7-4668-BE54-9A1E7A4F7556}") = "Iot-Interfaces_Core", "..\Utils\Iot-Interfaces\Iot-Interfaces\Iot-Interfaces_Core.csproj", "{84DB81BD-26EB-42B4-91E1-F8C4FF6DD2E5}"
EndProject
Project("{9A19103F-16F7-4668-BE54-9A1E7A4F7556}") = "Utils_Core", "..\Utils\Utils\Utils\Utils_Core.csproj", "{C094C744-3F47-494F-A835-3FE5C1AD9A26}"
EndProject
Project("{9A19103F-16F7-4668-BE54-9A1E7A4F7556}") = "litjson_Core", "..\Librarys\litjson\litjson\litjson_Core.csproj", "{75ED402F-92D6-43DA-B7DE-FBB65E8A327A}"
EndProject
Project("{9A19103F-16F7-4668-BE54-9A1E7A4F7556}") = "Swan", "..\Librarys\RaspberryIO_26\Swan\Swan.csproj", "{A3E6FFF4-751E-4F1D-A7B3-AB06A7381E51}"
EndProject
Project("{9A19103F-16F7-4668-BE54-9A1E7A4F7556}") = "Swan.Lite", "..\Librarys\RaspberryIO_26\Swan.Lite\Swan.Lite.csproj", "{CBD456D3-D3E3-4197-998C-B2F8CDD4F822}"
EndProject
Project("{9A19103F-16F7-4668-BE54-9A1E7A4F7556}") = "Unosquare.RaspberryIO", "..\Librarys\RaspberryIO_26\Unosquare.RaspberryIO\Unosquare.RaspberryIO.csproj", "{C9C54488-2712-47BC-AACD-1BAD4551C15D}"
EndProject
Project("{9A19103F-16F7-4668-BE54-9A1E7A4F7556}") = "Unosquare.RaspberryIO.Abstractions", "..\Librarys\RaspberryIO_26\Unosquare.RaspberryIO.Abstractions\Unosquare.RaspberryIO.Abstractions.csproj", "{DE99DB1B-6E32-4F04-94CD-F210647302EB}"
EndProject
Project("{9A19103F-16F7-4668-BE54-9A1E7A4F7556}") = "Unosquare.WiringPi", "..\Librarys\RaspberryIO_26\Unosquare.WiringPi\Unosquare.WiringPi.csproj", "{5B05D050-96EC-447C-9780-4078511B3C7F}"
EndProject
Project("{9A19103F-16F7-4668-BE54-9A1E7A4F7556}") = "ConnectorDataMqtt_Core", "..\Utils\ConnectorDataMqtt\ConnectorDataMqtt\ConnectorDataMqtt_Core.csproj", "{2711D97D-9371-47CF-97CB-D4A74F4A7193}"
EndProject
Project("{9A19103F-16F7-4668-BE54-9A1E7A4F7556}") = "M2Mqtt_Core", "..\Librarys\mqtt\M2Mqtt\M2Mqtt_Core.csproj", "{3E8500D2-A9E6-4A85-9A95-E6C8AFF6298B}"
EndProject
Project("{9A19103F-16F7-4668-BE54-9A1E7A4F7556}") = "Utils-IoT_Core", "..\Utils\Utils-IoT\Utils-IoT\Utils-IoT_Core.csproj", "{C4CE902A-8BBC-45A4-8074-9448DF5469DE}"
EndProject
Project("{9A19103F-16F7-4668-BE54-9A1E7A4F7556}") = "Bot-Utils_Core", "..\Utils\Bot-Utils\Bot-Utils\Bot-Utils_Core.csproj", "{3D449CEF-CF03-4D3B-A531-4B2DD7B52E88}"
EndProject
Global
	GlobalSection(SolutionConfigurationPlatforms) = preSolution
		Debug|Any CPU = Debug|Any CPU
		Release|Any CPU = Release|Any CPU
	EndGlobalSection
	GlobalSection(ProjectConfigurationPlatforms) = postSolution
		{A5D551AD-ADBC-425C-B314-89D04E2DED62}.Debug|Any CPU.ActiveCfg = Debug|Any CPU
		{A5D551AD-ADBC-425C-B314-89D04E2DED62}.Debug|Any CPU.Build.0 = Debug|Any CPU
		{A5D551AD-ADBC-425C-B314-89D04E2DED62}.Release|Any CPU.ActiveCfg = Release|Any CPU
		{A5D551AD-ADBC-425C-B314-89D04E2DED62}.Release|Any CPU.Build.0 = Release|Any CPU
		{A3B254DD-9B58-4A95-9659-CB41AFBA9435}.Debug|Any CPU.ActiveCfg = Debug|Any CPU
		{A3B254DD-9B58-4A95-9659-CB41AFBA9435}.Debug|Any CPU.Build.0 = Debug|Any CPU
		{A3B254DD-9B58-4A95-9659-CB41AFBA9435}.Release|Any CPU.ActiveCfg = Release|Any CPU
		{A3B254DD-9B58-4A95-9659-CB41AFBA9435}.Release|Any CPU.Build.0 = Release|Any CPU
		{84DB81BD-26EB-42B4-91E1-F8C4FF6DD2E5}.Debug|Any CPU.ActiveCfg = Debug|Any CPU
		{84DB81BD-26EB-42B4-91E1-F8C4FF6DD2E5}.Debug|Any CPU.Build.0 = Debug|Any CPU
		{84DB81BD-26EB-42B4-91E1-F8C4FF6DD2E5}.Release|Any CPU.ActiveCfg = Release|Any CPU
		{84DB81BD-26EB-42B4-91E1-F8C4FF6DD2E5}.Release|Any CPU.Build.0 = Release|Any CPU
		{C094C744-3F47-494F-A835-3FE5C1AD9A26}.Debug|Any CPU.ActiveCfg = Debug|Any CPU
		{C094C744-3F47-494F-A835-3FE5C1AD9A26}.Debug|Any CPU.Build.0 = Debug|Any CPU
		{C094C744-3F47-494F-A835-3FE5C1AD9A26}.Release|Any CPU.ActiveCfg = Release|Any CPU
		{C094C744-3F47-494F-A835-3FE5C1AD9A26}.Release|Any CPU.Build.0 = Release|Any CPU
		{75ED402F-92D6-43DA-B7DE-FBB65E8A327A}.Debug|Any CPU.ActiveCfg = Debug|Any CPU
		{75ED402F-92D6-43DA-B7DE-FBB65E8A327A}.Debug|Any CPU.Build.0 = Debug|Any CPU
		{75ED402F-92D6-43DA-B7DE-FBB65E8A327A}.Release|Any CPU.ActiveCfg = Release|Any CPU
		{75ED402F-92D6-43DA-B7DE-FBB65E8A327A}.Release|Any CPU.Build.0 = Release|Any CPU
		{A3E6FFF4-751E-4F1D-A7B3-AB06A7381E51}.Debug|Any CPU.ActiveCfg = Debug|Any CPU
		{A3E6FFF4-751E-4F1D-A7B3-AB06A7381E51}.Debug|Any CPU.Build.0 = Debug|Any CPU
		{A3E6FFF4-751E-4F1D-A7B3-AB06A7381E51}.Release|Any CPU.ActiveCfg = Release|Any CPU
		{A3E6FFF4-751E-4F1D-A7B3-AB06A7381E51}.Release|Any CPU.Build.0 = Release|Any CPU
		{CBD456D3-D3E3-4197-998C-B2F8CDD4F822}.Debug|Any CPU.ActiveCfg = Debug|Any CPU
		{CBD456D3-D3E3-4197-998C-B2F8CDD4F822}.Debug|Any CPU.Build.0 = Debug|Any CPU
		{CBD456D3-D3E3-4197-998C-B2F8CDD4F822}.Release|Any CPU.ActiveCfg = Release|Any CPU
		{CBD456D3-D3E3-4197-998C-B2F8CDD4F822}.Release|Any CPU.Build.0 = Release|Any CPU
		{C9C54488-2712-47BC-AACD-1BAD4551C15D}.Debug|Any CPU.ActiveCfg = Debug|Any CPU
		{C9C54488-2712-47BC-AACD-1BAD4551C15D}.Debug|Any CPU.Build.0 = Debug|Any CPU
		{C9C54488-2712-47BC-AACD-1BAD4551C15D}.Release|Any CPU.ActiveCfg = Release|Any CPU
		{C9C54488-2712-47BC-AACD-1BAD4551C15D}.Release|Any CPU.Build.0 = Release|Any CPU
		{DE99DB1B-6E32-4F04-94CD-F210647302EB}.Debug|Any CPU.ActiveCfg = Debug|Any CPU
		{DE99DB1B-6E32-4F04-94CD-F210647302EB}.Debug|Any CPU.Build.0 = Debug|Any CPU
		{DE99DB1B-6E32-4F04-94CD-F210647302EB}.Release|Any CPU.ActiveCfg = Release|Any CPU
		{DE99DB1B-6E32-4F04-94CD-F210647302EB}.Release|Any CPU.Build.0 = Release|Any CPU
		{5B05D050-96EC-447C-9780-4078511B3C7F}.Debug|Any CPU.ActiveCfg = Debug|Any CPU
		{5B05D050-96EC-447C-9780-4078511B3C7F}.Debug|Any CPU.Build.0 = Debug|Any CPU
		{5B05D050-96EC-447C-9780-4078511B3C7F}.Release|Any CPU.ActiveCfg = Release|Any CPU
		{5B05D050-96EC-447C-9780-4078511B3C7F}.Release|Any CPU.Build.0 = Release|Any CPU
		{2711D97D-9371-47CF-97CB-D4A74F4A7193}.Debug|Any CPU.ActiveCfg = Debug|Any CPU
		{2711D97D-9371-47CF-97CB-D4A74F4A7193}.Debug|Any CPU.Build.0 = Debug|Any CPU
		{2711D97D-9371-47CF-97CB-D4A74F4A7193}.Release|Any CPU.ActiveCfg = Release|Any CPU
		{2711D97D-9371-47CF-97CB-D4A74F4A7193}.Release|Any CPU.Build.0 = Release|Any CPU
		{3E8500D2-A9E6-4A85-9A95-E6C8AFF6298B}.Debug|Any CPU.ActiveCfg = Debug|Any CPU
		{3E8500D2-A9E6-4A85-9A95-E6C8AFF6298B}.Debug|Any CPU.Build.0 = Debug|Any CPU
		{3E8500D2-A9E6-4A85-9A95-E6C8AFF6298B}.Release|Any CPU.ActiveCfg = Release|Any CPU
		{3E8500D2-A9E6-4A85-9A95-E6C8AFF6298B}.Release|Any CPU.Build.0 = Release|Any CPU
		{C4CE902A-8BBC-45A4-8074-9448DF5469DE}.Debug|Any CPU.ActiveCfg = Debug|Any CPU
		{C4CE902A-8BBC-45A4-8074-9448DF5469DE}.Debug|Any CPU.Build.0 = Debug|Any CPU
		{C4CE902A-8BBC-45A4-8074-9448DF5469DE}.Release|Any CPU.ActiveCfg = Release|Any CPU
		{C4CE902A-8BBC-45A4-8074-9448DF5469DE}.Release|Any CPU.Build.0 = Release|Any CPU
		{3D449CEF-CF03-4D3B-A531-4B2DD7B52E88}.Debug|Any CPU.ActiveCfg = Debug|Any CPU
		{3D449CEF-CF03-4D3B-A531-4B2DD7B52E88}.Debug|Any CPU.Build.0 = Debug|Any CPU
		{3D449CEF-CF03-4D3B-A531-4B2DD7B52E88}.Release|Any CPU.ActiveCfg = Release|Any CPU
		{3D449CEF-CF03-4D3B-A531-4B2DD7B52E88}.Release|Any CPU.Build.0 = Release|Any CPU
	EndGlobalSection
	GlobalSection(SolutionProperties) = preSolution
		HideSolutionNode = FALSE
	EndGlobalSection
	GlobalSection(ExtensibilityGlobals) = postSolution
		SolutionGuid = {5F8C5805-2E23-426D-9921-92DFA67B58F3}
	EndGlobalSection
EndGlobal
